PODS:
  - Differentiator (3.1.0)
  - "NSObject+Rx (4.4.1)":
    - RxSwift (~> 4.3)
  - RxBiBinding (0.1.8):
    - RxCocoa (~> 4.5)
    - RxSwift (~> 4.5)
  - RxCocoa (4.5.0):
    - RxSwift (>= 4.4.2, ~> 4.4)
  - RxDataSources (3.1.0):
    - Differentiator (~> 3.0)
    - RxCocoa (~> 4.0)
    - RxSwift (~> 4.0)
  - RxSwift (4.5.0)
  - Swinject (2.7.1)
  - SwinjectAutoregistration (2.8.1):
    - Swinject (= 2.7.1)
  - SwinjectStoryboard (2.2.2):
    - Swinject (~> 2.7.1)

DEPENDENCIES:
  - "NSObject+Rx (= 4.4.1)"
  - RxBiBinding (= 0.1.8)
  - RxDataSources (= 3.1)
  - RxSwift (= 4.5.0)
  - Swinject
  - SwinjectAutoregistration
  - SwinjectStoryboard

SPEC REPOS:
  trunk:
    - Differentiator
    - "NSObject+Rx"
    - RxBiBinding
    - RxCocoa
    - RxDataSources
    - RxSwift
    - Swinject
    - SwinjectAutoregistration
    - SwinjectStoryboard

SPEC CHECKSUMS:
  Differentiator: be49ca3408f0ecfc761e4c7763d20c62be01b9ad
  "NSObject+Rx": 9884a92f19b610795c431e10b4e601913b59c9e9
  RxBiBinding: 1682a60249adf65680aa48827607ac5ea09cae5a
  RxCocoa: cbf70265dc65a981d4ac982e513c10cf23df24a0
  RxDataSources: a843bad90c29817f5923ec8163f4af2de084ceb3
  RxSwift: f172070dfd1a93d70a9ab97a5a01166206e1c575
  Swinject: ddf78b8486dd9b71a667b852cad919ab4484478e
  SwinjectAutoregistration: e83e362da3ca9c64a68290e89efbc40e378dff12
  SwinjectStoryboard: 240ce371396da09a4c43c72ee5c148108500e184

PODFILE CHECKSUM: 0c714a795272c0c0b5f362eef69254e04c9e944c

COCOAPODS: 1.11.2
