// !$*UTF8*$!
{
	archiveVersion = 1;
	classes = {
	};
	objectVersion = 55;
	objects = {

/* Begin PBXBuildFile section */
		1078282A340DA1619D1FB9DB /* Pods_ExpenseTracker.framework in Frameworks */ = {isa = PBXBuildFile; fileRef = 1702BA522D79A408429E6EFB /* Pods_ExpenseTracker.framework */; };
		AC4AA3672809B9A900047E48 /* ViewAssembly.swift in Sources */ = {isa = PBXBuildFile; fileRef = AC4AA3662809B9A900047E48 /* ViewAssembly.swift */; };
		AC4AA3692809BA1800047E48 /* ManagerAssembly.swift in Sources */ = {isa = PBXBuildFile; fileRef = AC4AA3682809BA1800047E48 /* ManagerAssembly.swift */; };
		AC4AA36B2809BC0D00047E48 /* CoreDataManager.swift in Sources */ = {isa = PBXBuildFile; fileRef = AC4AA36A2809BC0D00047E48 /* CoreDataManager.swift */; };
		AC4AA36F2809BE0C00047E48 /* Expense+CoreDataProperties.swift in Sources */ = {isa = PBXBuildFile; fileRef = AC4AA36D2809BE0C00047E48 /* Expense+CoreDataProperties.swift */; };
		AC4AA3702809BE0C00047E48 /* Expense+CoreDataClass.swift in Sources */ = {isa = PBXBuildFile; fileRef = AC4AA36E2809BE0C00047E48 /* Expense+CoreDataClass.swift */; };
		AC6F068D2809B49100B57161 /* AppDelegate.swift in Sources */ = {isa = PBXBuildFile; fileRef = AC6F068C2809B49100B57161 /* AppDelegate.swift */; };
		AC6F068F2809B49100B57161 /* SceneDelegate.swift in Sources */ = {isa = PBXBuildFile; fileRef = AC6F068E2809B49100B57161 /* SceneDelegate.swift */; };
		AC6F06942809B49200B57161 /* Main.storyboard in Resources */ = {isa = PBXBuildFile; fileRef = AC6F06922809B49200B57161 /* Main.storyboard */; };
		AC6F06972809B49200B57161 /* ExpenseTracker.xcdatamodeld in Sources */ = {isa = PBXBuildFile; fileRef = AC6F06952809B49200B57161 /* ExpenseTracker.xcdatamodeld */; };
		AC6F06992809B49800B57161 /* Assets.xcassets in Resources */ = {isa = PBXBuildFile; fileRef = AC6F06982809B49800B57161 /* Assets.xcassets */; };
		AC6F069C2809B49800B57161 /* LaunchScreen.storyboard in Resources */ = {isa = PBXBuildFile; fileRef = AC6F069A2809B49800B57161 /* LaunchScreen.storyboard */; };
/* End PBXBuildFile section */

/* Begin PBXFileReference section */
		1702BA522D79A408429E6EFB /* Pods_ExpenseTracker.framework */ = {isa = PBXFileReference; explicitFileType = wrapper.framework; includeInIndex = 0; path = Pods_ExpenseTracker.framework; sourceTree = BUILT_PRODUCTS_DIR; };
		426A9E297ED3E8CF3FE85B3D /* Pods-ExpenseTracker.release.xcconfig */ = {isa = PBXFileReference; includeInIndex = 1; lastKnownFileType = text.xcconfig; name = "Pods-ExpenseTracker.release.xcconfig"; path = "Target Support Files/Pods-ExpenseTracker/Pods-ExpenseTracker.release.xcconfig"; sourceTree = "<group>"; };
		AC4AA3662809B9A900047E48 /* ViewAssembly.swift */ = {isa = PBXFileReference; lastKnownFileType = sourcecode.swift; path = ViewAssembly.swift; sourceTree = "<group>"; };
		AC4AA3682809BA1800047E48 /* ManagerAssembly.swift */ = {isa = PBXFileReference; lastKnownFileType = sourcecode.swift; path = ManagerAssembly.swift; sourceTree = "<group>"; };
		AC4AA36A2809BC0D00047E48 /* CoreDataManager.swift */ = {isa = PBXFileReference; lastKnownFileType = sourcecode.swift; path = CoreDataManager.swift; sourceTree = "<group>"; };
		AC4AA36D2809BE0C00047E48 /* Expense+CoreDataProperties.swift */ = {isa = PBXFileReference; fileEncoding = 4; lastKnownFileType = sourcecode.swift; path = "Expense+CoreDataProperties.swift"; sourceTree = "<group>"; };
		AC4AA36E2809BE0C00047E48 /* Expense+CoreDataClass.swift */ = {isa = PBXFileReference; fileEncoding = 4; lastKnownFileType = sourcecode.swift; path = "Expense+CoreDataClass.swift"; sourceTree = "<group>"; };
		AC6F06892809B49100B57161 /* ExpenseTracker.app */ = {isa = PBXFileReference; explicitFileType = wrapper.application; includeInIndex = 0; path = ExpenseTracker.app; sourceTree = BUILT_PRODUCTS_DIR; };
		AC6F068C2809B49100B57161 /* AppDelegate.swift */ = {isa = PBXFileReference; lastKnownFileType = sourcecode.swift; path = AppDelegate.swift; sourceTree = "<group>"; };
		AC6F068E2809B49100B57161 /* SceneDelegate.swift */ = {isa = PBXFileReference; lastKnownFileType = sourcecode.swift; path = SceneDelegate.swift; sourceTree = "<group>"; };
		AC6F06932809B49200B57161 /* Base */ = {isa = PBXFileReference; lastKnownFileType = file.storyboard; name = Base; path = Base.lproj/Main.storyboard; sourceTree = "<group>"; };
		AC6F06962809B49200B57161 /* ExpenseTracker.xcdatamodel */ = {isa = PBXFileReference; lastKnownFileType = wrapper.xcdatamodel; path = ExpenseTracker.xcdatamodel; sourceTree = "<group>"; };
		AC6F06982809B49800B57161 /* Assets.xcassets */ = {isa = PBXFileReference; lastKnownFileType = folder.assetcatalog; path = Assets.xcassets; sourceTree = "<group>"; };
		AC6F069B2809B49800B57161 /* Base */ = {isa = PBXFileReference; lastKnownFileType = file.storyboard; name = Base; path = Base.lproj/LaunchScreen.storyboard; sourceTree = "<group>"; };
		AC6F069D2809B49800B57161 /* Info.plist */ = {isa = PBXFileReference; lastKnownFileType = text.plist.xml; path = Info.plist; sourceTree = "<group>"; };
		FAB1CC6973DDD3D332609F01 /* Pods-ExpenseTracker.debug.xcconfig */ = {isa = PBXFileReference; includeInIndex = 1; lastKnownFileType = text.xcconfig; name = "Pods-ExpenseTracker.debug.xcconfig"; path = "Target Support Files/Pods-ExpenseTracker/Pods-ExpenseTracker.debug.xcconfig"; sourceTree = "<group>"; };
/* End PBXFileReference section */

/* Begin PBXFrameworksBuildPhase section */
		AC6F06862809B49100B57161 /* Frameworks */ = {
			isa = PBXFrameworksBuildPhase;
			buildActionMask = 2147483647;
			files = (
				1078282A340DA1619D1FB9DB /* Pods_ExpenseTracker.framework in Frameworks */,
			);
			runOnlyForDeploymentPostprocessing = 0;
		};
/* End PBXFrameworksBuildPhase section */

/* Begin PBXGroup section */
		0B135641C347B7E761900B92 /* Pods */ = {
			isa = PBXGroup;
			children = (
				FAB1CC6973DDD3D332609F01 /* Pods-ExpenseTracker.debug.xcconfig */,
				426A9E297ED3E8CF3FE85B3D /* Pods-ExpenseTracker.release.xcconfig */,
			);
			path = Pods;
			sourceTree = "<group>";
		};
		9A7C9C0F87DC5322E9CD3069 /* Frameworks */ = {
			isa = PBXGroup;
			children = (
				1702BA522D79A408429E6EFB /* Pods_ExpenseTracker.framework */,
			);
			name = Frameworks;
			sourceTree = "<group>";
		};
		AC4AA3652809B8EA00047E48 /* Assembly */ = {
			isa = PBXGroup;
			children = (
				AC4AA3682809BA1800047E48 /* ManagerAssembly.swift */,
				AC4AA3662809B9A900047E48 /* ViewAssembly.swift */,
			);
			path = Assembly;
			sourceTree = "<group>";
		};
		AC4AA36C2809BE0C00047E48 /* Expense */ = {
			isa = PBXGroup;
			children = (
				AC4AA36E2809BE0C00047E48 /* Expense+CoreDataClass.swift */,
				AC4AA36D2809BE0C00047E48 /* Expense+CoreDataProperties.swift */,
			);
			path = Expense;
			sourceTree = "<group>";
		};
		AC6F06802809B49100B57161 = {
			isa = PBXGroup;
			children = (
				AC6F068B2809B49100B57161 /* ExpenseTracker */,
				AC6F068A2809B49100B57161 /* Products */,
				0B135641C347B7E761900B92 /* Pods */,
				9A7C9C0F87DC5322E9CD3069 /* Frameworks */,
			);
			sourceTree = "<group>";
		};
		AC6F068A2809B49100B57161 /* Products */ = {
			isa = PBXGroup;
			children = (
				AC6F06892809B49100B57161 /* ExpenseTracker.app */,
			);
			name = Products;
			sourceTree = "<group>";
		};
		AC6F068B2809B49100B57161 /* ExpenseTracker */ = {
			isa = PBXGroup;
			children = (
				AC4AA3652809B8EA00047E48 /* Assembly */,
				AC6F06A52809B69E00B57161 /* Manager */,
				AC6F06A72809B6B100B57161 /* Model */,
				AC6F06A92809B6F100B57161 /* Storyboard */,
				AC6F06A82809B6CF00B57161 /* Supporting Files */,
				AC6F06A32809B67D00B57161 /* UseCase */,
				AC6F06A42809B68900B57161 /* View */,
				AC6F068C2809B49100B57161 /* AppDelegate.swift */,
				AC6F068E2809B49100B57161 /* SceneDelegate.swift */,
			);
			path = ExpenseTracker;
			sourceTree = "<group>";
		};
		AC6F06A32809B67D00B57161 /* UseCase */ = {
			isa = PBXGroup;
			children = (
			);
			path = UseCase;
			sourceTree = "<group>";
		};
		AC6F06A42809B68900B57161 /* View */ = {
			isa = PBXGroup;
			children = (
			);
			path = View;
			sourceTree = "<group>";
		};
		AC6F06A52809B69E00B57161 /* Manager */ = {
			isa = PBXGroup;
			children = (
				AC4AA36A2809BC0D00047E48 /* CoreDataManager.swift */,
			);
			path = Manager;
			sourceTree = "<group>";
		};
		AC6F06A72809B6B100B57161 /* Model */ = {
			isa = PBXGroup;
			children = (
				AC4AA36C2809BE0C00047E48 /* Expense */,
			);
			path = Model;
			sourceTree = "<group>";
		};
		AC6F06A82809B6CF00B57161 /* Supporting Files */ = {
			isa = PBXGroup;
			children = (
				AC6F06982809B49800B57161 /* Assets.xcassets */,
				AC6F06952809B49200B57161 /* ExpenseTracker.xcdatamodeld */,
				AC6F06AA2809B7E800B57161 /* Info */,
			);
			path = "Supporting Files";
			sourceTree = "<group>";
		};
		AC6F06A92809B6F100B57161 /* Storyboard */ = {
			isa = PBXGroup;
			children = (
				AC6F069A2809B49800B57161 /* LaunchScreen.storyboard */,
				AC6F06922809B49200B57161 /* Main.storyboard */,
			);
			path = Storyboard;
			sourceTree = "<group>";
		};
		AC6F06AA2809B7E800B57161 /* Info */ = {
			isa = PBXGroup;
			children = (
				AC6F069D2809B49800B57161 /* Info.plist */,
			);
			path = Info;
			sourceTree = "<group>";
		};
/* End PBXGroup section */

/* Begin PBXNativeTarget section */
		AC6F06882809B49100B57161 /* ExpenseTracker */ = {
			isa = PBXNativeTarget;
			buildConfigurationList = AC6F06A02809B49800B57161 /* Build configuration list for PBXNativeTarget "ExpenseTracker" */;
			buildPhases = (
				79AC57334A62499310962AE3 /* [CP] Check Pods Manifest.lock */,
				AC6F06852809B49100B57161 /* Sources */,
				AC6F06862809B49100B57161 /* Frameworks */,
				AC6F06872809B49100B57161 /* Resources */,
				21591EE17E874ED7C8287404 /* [CP] Embed Pods Frameworks */,
			);
			buildRules = (
			);
			dependencies = (
			);
			name = ExpenseTracker;
			productName = ExpenseTracker;
			productReference = AC6F06892809B49100B57161 /* ExpenseTracker.app */;
			productType = "com.apple.product-type.application";
		};
/* End PBXNativeTarget section */

/* Begin PBXProject section */
		AC6F06812809B49100B57161 /* Project object */ = {
			isa = PBXProject;
			attributes = {
				BuildIndependentTargetsInParallel = 1;
				LastSwiftUpdateCheck = 1330;
				LastUpgradeCheck = 1330;
				TargetAttributes = {
					AC6F06882809B49100B57161 = {
						CreatedOnToolsVersion = 13.3.1;
					};
				};
			};
			buildConfigurationList = AC6F06842809B49100B57161 /* Build configuration list for PBXProject "ExpenseTracker" */;
			compatibilityVersion = "Xcode 13.0";
			developmentRegion = en;
			hasScannedForEncodings = 0;
			knownRegions = (
				en,
				Base,
			);
			mainGroup = AC6F06802809B49100B57161;
			productRefGroup = AC6F068A2809B49100B57161 /* Products */;
			projectDirPath = "";
			projectRoot = "";
			targets = (
				AC6F06882809B49100B57161 /* ExpenseTracker */,
			);
		};
/* End PBXProject section */

/* Begin PBXResourcesBuildPhase section */
		AC6F06872809B49100B57161 /* Resources */ = {
			isa = PBXResourcesBuildPhase;
			buildActionMask = 2147483647;
			files = (
				AC6F069C2809B49800B57161 /* LaunchScreen.storyboard in Resources */,
				AC6F06992809B49800B57161 /* Assets.xcassets in Resources */,
				AC6F06942809B49200B57161 /* Main.storyboard in Resources */,
			);
			runOnlyForDeploymentPostprocessing = 0;
		};
/* End PBXResourcesBuildPhase section */

/* Begin PBXShellScriptBuildPhase section */
		21591EE17E874ED7C8287404 /* [CP] Embed Pods Frameworks */ = {
			isa = PBXShellScriptBuildPhase;
			buildActionMask = 2147483647;
			files = (
			);
			inputFileListPaths = (
				"${PODS_ROOT}/Target Support Files/Pods-ExpenseTracker/Pods-ExpenseTracker-frameworks-${CONFIGURATION}-input-files.xcfilelist",
			);
			name = "[CP] Embed Pods Frameworks";
			outputFileListPaths = (
				"${PODS_ROOT}/Target Support Files/Pods-ExpenseTracker/Pods-ExpenseTracker-frameworks-${CONFIGURATION}-output-files.xcfilelist",
			);
			runOnlyForDeploymentPostprocessing = 0;
			shellPath = /bin/sh;
			shellScript = "\"${PODS_ROOT}/Target Support Files/Pods-ExpenseTracker/Pods-ExpenseTracker-frameworks.sh\"\n";
			showEnvVarsInLog = 0;
		};
		79AC57334A62499310962AE3 /* [CP] Check Pods Manifest.lock */ = {
			isa = PBXShellScriptBuildPhase;
			buildActionMask = 2147483647;
			files = (
			);
			inputFileListPaths = (
			);
			inputPaths = (
				"${PODS_PODFILE_DIR_PATH}/Podfile.lock",
				"${PODS_ROOT}/Manifest.lock",
			);
			name = "[CP] Check Pods Manifest.lock";
			outputFileListPaths = (
			);
			outputPaths = (
				"$(DERIVED_FILE_DIR)/Pods-ExpenseTracker-checkManifestLockResult.txt",
			);
			runOnlyForDeploymentPostprocessing = 0;
			shellPath = /bin/sh;
			shellScript = "diff \"${PODS_PODFILE_DIR_PATH}/Podfile.lock\" \"${PODS_ROOT}/Manifest.lock\" > /dev/null\nif [ $? != 0 ] ; then\n    # print error to STDERR\n    echo \"error: The sandbox is not in sync with the Podfile.lock. Run 'pod install' or update your CocoaPods installation.\" >&2\n    exit 1\nfi\n# This output is used by Xcode 'outputs' to avoid re-running this script phase.\necho \"SUCCESS\" > \"${SCRIPT_OUTPUT_FILE_0}\"\n";
			showEnvVarsInLog = 0;
		};
/* End PBXShellScriptBuildPhase section */

/* Begin PBXSourcesBuildPhase section */
		AC6F06852809B49100B57161 /* Sources */ = {
			isa = PBXSourcesBuildPhase;
			buildActionMask = 2147483647;
			files = (
				AC4AA36B2809BC0D00047E48 /* CoreDataManager.swift in Sources */,
				AC4AA3672809B9A900047E48 /* ViewAssembly.swift in Sources */,
				AC4AA3702809BE0C00047E48 /* Expense+CoreDataClass.swift in Sources */,
				AC4AA3692809BA1800047E48 /* ManagerAssembly.swift in Sources */,
				AC6F068D2809B49100B57161 /* AppDelegate.swift in Sources */,
				AC6F068F2809B49100B57161 /* SceneDelegate.swift in Sources */,
				AC4AA36F2809BE0C00047E48 /* Expense+CoreDataProperties.swift in Sources */,
				AC6F06972809B49200B57161 /* ExpenseTracker.xcdatamodeld in Sources */,
			);
			runOnlyForDeploymentPostprocessing = 0;
		};
/* End PBXSourcesBuildPhase section */

/* Begin PBXVariantGroup section */
		AC6F06922809B49200B57161 /* Main.storyboard */ = {
			isa = PBXVariantGroup;
			children = (
				AC6F06932809B49200B57161 /* Base */,
			);
			name = Main.storyboard;
			sourceTree = "<group>";
		};
		AC6F069A2809B49800B57161 /* LaunchScreen.storyboard */ = {
			isa = PBXVariantGroup;
			children = (
				AC6F069B2809B49800B57161 /* Base */,
			);
			name = LaunchScreen.storyboard;
			sourceTree = "<group>";
		};
/* End PBXVariantGroup section */

/* Begin XCBuildConfiguration section */
		AC6F069E2809B49800B57161 /* Debug */ = {
			isa = XCBuildConfiguration;
			buildSettings = {
				ALWAYS_SEARCH_USER_PATHS = NO;
				CLANG_ANALYZER_NONNULL = YES;
				CLANG_ANALYZER_NUMBER_OBJECT_CONVERSION = YES_AGGRESSIVE;
				CLANG_CXX_LANGUAGE_STANDARD = "gnu++17";
				CLANG_ENABLE_MODULES = YES;
				CLANG_ENABLE_OBJC_ARC = YES;
				CLANG_ENABLE_OBJC_WEAK = YES;
				CLANG_WARN_BLOCK_CAPTURE_AUTORELEASING = YES;
				CLANG_WARN_BOOL_CONVERSION = YES;
				CLANG_WARN_COMMA = YES;
				CLANG_WARN_CONSTANT_CONVERSION = YES;
				CLANG_WARN_DEPRECATED_OBJC_IMPLEMENTATIONS = YES;
				CLANG_WARN_DIRECT_OBJC_ISA_USAGE = YES_ERROR;
				CLANG_WARN_DOCUMENTATION_COMMENTS = YES;
				CLANG_WARN_EMPTY_BODY = YES;
				CLANG_WARN_ENUM_CONVERSION = YES;
				CLANG_WARN_INFINITE_RECURSION = YES;
				CLANG_WARN_INT_CONVERSION = YES;
				CLANG_WARN_NON_LITERAL_NULL_CONVERSION = YES;
				CLANG_WARN_OBJC_IMPLICIT_RETAIN_SELF = YES;
				CLANG_WARN_OBJC_LITERAL_CONVERSION = YES;
				CLANG_WARN_OBJC_ROOT_CLASS = YES_ERROR;
				CLANG_WARN_QUOTED_INCLUDE_IN_FRAMEWORK_HEADER = YES;
				CLANG_WARN_RANGE_LOOP_ANALYSIS = YES;
				CLANG_WARN_STRICT_PROTOTYPES = YES;
				CLANG_WARN_SUSPICIOUS_MOVE = YES;
				CLANG_WARN_UNGUARDED_AVAILABILITY = YES_AGGRESSIVE;
				CLANG_WARN_UNREACHABLE_CODE = YES;
				CLANG_WARN__DUPLICATE_METHOD_MATCH = YES;
				COPY_PHASE_STRIP = NO;
				DEBUG_INFORMATION_FORMAT = dwarf;
				ENABLE_STRICT_OBJC_MSGSEND = YES;
				ENABLE_TESTABILITY = YES;
				GCC_C_LANGUAGE_STANDARD = gnu11;
				GCC_DYNAMIC_NO_PIC = NO;
				GCC_NO_COMMON_BLOCKS = YES;
				GCC_OPTIMIZATION_LEVEL = 0;
				GCC_PREPROCESSOR_DEFINITIONS = (
					"DEBUG=1",
					"$(inherited)",
				);
				GCC_WARN_64_TO_32_BIT_CONVERSION = YES;
				GCC_WARN_ABOUT_RETURN_TYPE = YES_ERROR;
				GCC_WARN_UNDECLARED_SELECTOR = YES;
				GCC_WARN_UNINITIALIZED_AUTOS = YES_AGGRESSIVE;
				GCC_WARN_UNUSED_FUNCTION = YES;
				GCC_WARN_UNUSED_VARIABLE = YES;
				IPHONEOS_DEPLOYMENT_TARGET = 15.4;
				MTL_ENABLE_DEBUG_INFO = INCLUDE_SOURCE;
				MTL_FAST_MATH = YES;
				ONLY_ACTIVE_ARCH = YES;
				SDKROOT = iphoneos;
				SWIFT_ACTIVE_COMPILATION_CONDITIONS = DEBUG;
				SWIFT_OPTIMIZATION_LEVEL = "-Onone";
			};
			name = Debug;
		};
		AC6F069F2809B49800B57161 /* Release */ = {
			isa = XCBuildConfiguration;
			buildSettings = {
				ALWAYS_SEARCH_USER_PATHS = NO;
				CLANG_ANALYZER_NONNULL = YES;
				CLANG_ANALYZER_NUMBER_OBJECT_CONVERSION = YES_AGGRESSIVE;
				CLANG_CXX_LANGUAGE_STANDARD = "gnu++17";
				CLANG_ENABLE_MODULES = YES;
				CLANG_ENABLE_OBJC_ARC = YES;
				CLANG_ENABLE_OBJC_WEAK = YES;
				CLANG_WARN_BLOCK_CAPTURE_AUTORELEASING = YES;
				CLANG_WARN_BOOL_CONVERSION = YES;
				CLANG_WARN_COMMA = YES;
				CLANG_WARN_CONSTANT_CONVERSION = YES;
				CLANG_WARN_DEPRECATED_OBJC_IMPLEMENTATIONS = YES;
				CLANG_WARN_DIRECT_OBJC_ISA_USAGE = YES_ERROR;
				CLANG_WARN_DOCUMENTATION_COMMENTS = YES;
				CLANG_WARN_EMPTY_BODY = YES;
				CLANG_WARN_ENUM_CONVERSION = YES;
				CLANG_WARN_INFINITE_RECURSION = YES;
				CLANG_WARN_INT_CONVERSION = YES;
				CLANG_WARN_NON_LITERAL_NULL_CONVERSION = YES;
				CLANG_WARN_OBJC_IMPLICIT_RETAIN_SELF = YES;
				CLANG_WARN_OBJC_LITERAL_CONVERSION = YES;
				CLANG_WARN_OBJC_ROOT_CLASS = YES_ERROR;
				CLANG_WARN_QUOTED_INCLUDE_IN_FRAMEWORK_HEADER = YES;
				CLANG_WARN_RANGE_LOOP_ANALYSIS = YES;
				CLANG_WARN_STRICT_PROTOTYPES = YES;
				CLANG_WARN_SUSPICIOUS_MOVE = YES;
				CLANG_WARN_UNGUARDED_AVAILABILITY = YES_AGGRESSIVE;
				CLANG_WARN_UNREACHABLE_CODE = YES;
				CLANG_WARN__DUPLICATE_METHOD_MATCH = YES;
				COPY_PHASE_STRIP = NO;
				DEBUG_INFORMATION_FORMAT = "dwarf-with-dsym";
				ENABLE_NS_ASSERTIONS = NO;
				ENABLE_STRICT_OBJC_MSGSEND = YES;
				GCC_C_LANGUAGE_STANDARD = gnu11;
				GCC_NO_COMMON_BLOCKS = YES;
				GCC_WARN_64_TO_32_BIT_CONVERSION = YES;
				GCC_WARN_ABOUT_RETURN_TYPE = YES_ERROR;
				GCC_WARN_UNDECLARED_SELECTOR = YES;
				GCC_WARN_UNINITIALIZED_AUTOS = YES_AGGRESSIVE;
				GCC_WARN_UNUSED_FUNCTION = YES;
				GCC_WARN_UNUSED_VARIABLE = YES;
				IPHONEOS_DEPLOYMENT_TARGET = 15.4;
				MTL_ENABLE_DEBUG_INFO = NO;
				MTL_FAST_MATH = YES;
				SDKROOT = iphoneos;
				SWIFT_COMPILATION_MODE = wholemodule;
				SWIFT_OPTIMIZATION_LEVEL = "-O";
				VALIDATE_PRODUCT = YES;
			};
			name = Release;
		};
		AC6F06A12809B49800B57161 /* Debug */ = {
			isa = XCBuildConfiguration;
			baseConfigurationReference = FAB1CC6973DDD3D332609F01 /* Pods-ExpenseTracker.debug.xcconfig */;
			buildSettings = {
				ASSETCATALOG_COMPILER_APPICON_NAME = AppIcon;
				ASSETCATALOG_COMPILER_GLOBAL_ACCENT_COLOR_NAME = AccentColor;
				CODE_SIGN_STYLE = Automatic;
				CURRENT_PROJECT_VERSION = 1;
				DEVELOPMENT_TEAM = T6PUL3UJUS;
				GENERATE_INFOPLIST_FILE = YES;
				INFOPLIST_FILE = "ExpenseTracker/Supporting Files/Info/Info.plist";
				INFOPLIST_KEY_UIApplicationSupportsIndirectInputEvents = YES;
				INFOPLIST_KEY_UILaunchStoryboardName = LaunchScreen;
				INFOPLIST_KEY_UIMainStoryboardFile = Main;
				INFOPLIST_KEY_UISupportedInterfaceOrientations_iPad = "UIInterfaceOrientationPortrait UIInterfaceOrientationPortraitUpsideDown UIInterfaceOrientationLandscapeLeft UIInterfaceOrientationLandscapeRight";
				INFOPLIST_KEY_UISupportedInterfaceOrientations_iPhone = "UIInterfaceOrientationPortrait UIInterfaceOrientationLandscapeLeft UIInterfaceOrientationLandscapeRight";
				LD_RUNPATH_SEARCH_PATHS = (
					"$(inherited)",
					"@executable_path/Frameworks",
				);
				MARKETING_VERSION = 1.0;
				PRODUCT_BUNDLE_IDENTIFIER = hu.patriktacs.ExpenseTracker;
				PRODUCT_NAME = "$(TARGET_NAME)";
				SWIFT_EMIT_LOC_STRINGS = YES;
				SWIFT_VERSION = 5.0;
				TARGETED_DEVICE_FAMILY = "1,2";
			};
			name = Debug;
		};
		AC6F06A22809B49800B57161 /* Release */ = {
			isa = XCBuildConfiguration;
			baseConfigurationReference = 426A9E297ED3E8CF3FE85B3D /* Pods-ExpenseTracker.release.xcconfig */;
			buildSettings = {
				ASSETCATALOG_COMPILER_APPICON_NAME = AppIcon;
				ASSETCATALOG_COMPILER_GLOBAL_ACCENT_COLOR_NAME = AccentColor;
				CODE_SIGN_STYLE = Automatic;
				CURRENT_PROJECT_VERSION = 1;
				DEVELOPMENT_TEAM = T6PUL3UJUS;
				GENERATE_INFOPLIST_FILE = YES;
				INFOPLIST_FILE = "ExpenseTracker/Supporting Files/Info/Info.plist";
				INFOPLIST_KEY_UIApplicationSupportsIndirectInputEvents = YES;
				INFOPLIST_KEY_UILaunchStoryboardName = LaunchScreen;
				INFOPLIST_KEY_UIMainStoryboardFile = Main;
				INFOPLIST_KEY_UISupportedInterfaceOrientations_iPad = "UIInterfaceOrientationPortrait UIInterfaceOrientationPortraitUpsideDown UIInterfaceOrientationLandscapeLeft UIInterfaceOrientationLandscapeRight";
				INFOPLIST_KEY_UISupportedInterfaceOrientations_iPhone = "UIInterfaceOrientationPortrait UIInterfaceOrientationLandscapeLeft UIInterfaceOrientationLandscapeRight";
				LD_RUNPATH_SEARCH_PATHS = (
					"$(inherited)",
					"@executable_path/Frameworks",
				);
				MARKETING_VERSION = 1.0;
				PRODUCT_BUNDLE_IDENTIFIER = hu.patriktacs.ExpenseTracker;
				PRODUCT_NAME = "$(TARGET_NAME)";
				SWIFT_EMIT_LOC_STRINGS = YES;
				SWIFT_VERSION = 5.0;
				TARGETED_DEVICE_FAMILY = "1,2";
			};
			name = Release;
		};
/* End XCBuildConfiguration section */

/* Begin XCConfigurationList section */
		AC6F06842809B49100B57161 /* Build configuration list for PBXProject "ExpenseTracker" */ = {
			isa = XCConfigurationList;
			buildConfigurations = (
				AC6F069E2809B49800B57161 /* Debug */,
				AC6F069F2809B49800B57161 /* Release */,
			);
			defaultConfigurationIsVisible = 0;
			defaultConfigurationName = Release;
		};
		AC6F06A02809B49800B57161 /* Build configuration list for PBXNativeTarget "ExpenseTracker" */ = {
			isa = XCConfigurationList;
			buildConfigurations = (
				AC6F06A12809B49800B57161 /* Debug */,
				AC6F06A22809B49800B57161 /* Release */,
			);
			defaultConfigurationIsVisible = 0;
			defaultConfigurationName = Release;
		};
/* End XCConfigurationList section */

/* Begin XCVersionGroup section */
		AC6F06952809B49200B57161 /* ExpenseTracker.xcdatamodeld */ = {
			isa = XCVersionGroup;
			children = (
				AC6F06962809B49200B57161 /* ExpenseTracker.xcdatamodel */,
			);
			currentVersion = AC6F06962809B49200B57161 /* ExpenseTracker.xcdatamodel */;
			path = ExpenseTracker.xcdatamodeld;
			sourceTree = "<group>";
			versionGroupType = wrapper.xcdatamodel;
		};
/* End XCVersionGroup section */
	};
	rootObject = AC6F06812809B49100B57161 /* Project object */;
}
